
Microsoft Visual Studio Solution File, Format Version 12.00
# Visual Studio Version 17
VisualStudioVersion = 17.4.33213.308
MinimumVisualStudioVersion = 10.0.40219.1
Project("{FAE04EC0-301F-11D3-BF4B-00C04F79EFBC}") = "NewApi app", "NewApi app\NewApi app.csproj", "{F8258B1C-1642-40A2-8600-9975B33E65CA}"
EndProject
Project("{FAE04EC0-301F-11D3-BF4B-00C04F79EFBC}") = "Domain", "Domain\Domain.csproj", "{74F0E9B5-5585-4B91-A921-ED6B902BD113}"
EndProject
Project("{FAE04EC0-301F-11D3-BF4B-00C04F79EFBC}") = "DataAccessEF", "DataAccessEF\DataAccessEF.csproj", "{10E7444B-FCB3-418F-BC83-46CF527E2460}"
EndProject
Global
	GlobalSection(SolutionConfigurationPlatforms) = preSolution
		Debug|Any CPU = Debug|Any CPU
		Release|Any CPU = Release|Any CPU
	EndGlobalSection
	GlobalSection(ProjectConfigurationPlatforms) = postSolution
		{F8258B1C-1642-40A2-8600-9975B33E65CA}.Debug|Any CPU.ActiveCfg = Debug|Any CPU
		{F8258B1C-1642-40A2-8600-9975B33E65CA}.Debug|Any CPU.Build.0 = Debug|Any CPU
		{F8258B1C-1642-40A2-8600-9975B33E65CA}.Release|Any CPU.ActiveCfg = Release|Any CPU
		{F8258B1C-1642-40A2-8600-9975B33E65CA}.Release|Any CPU.Build.0 = Release|Any CPU
		{74F0E9B5-5585-4B91-A921-ED6B902BD113}.Debug|Any CPU.ActiveCfg = Debug|Any CPU
		{74F0E9B5-5585-4B91-A921-ED6B902BD113}.Debug|Any CPU.Build.0 = Debug|Any CPU
		{74F0E9B5-5585-4B91-A921-ED6B902BD113}.Release|Any CPU.ActiveCfg = Release|Any CPU
		{74F0E9B5-5585-4B91-A921-ED6B902BD113}.Release|Any CPU.Build.0 = Release|Any CPU
		{10E7444B-FCB3-418F-BC83-46CF527E2460}.Debug|Any CPU.ActiveCfg = Debug|Any CPU
		{10E7444B-FCB3-418F-BC83-46CF527E2460}.Debug|Any CPU.Build.0 = Debug|Any CPU
		{10E7444B-FCB3-418F-BC83-46CF527E2460}.Release|Any CPU.ActiveCfg = Release|Any CPU
		{10E7444B-FCB3-418F-BC83-46CF527E2460}.Release|Any CPU.Build.0 = Release|Any CPU
	EndGlobalSection
	GlobalSection(SolutionProperties) = preSolution
		HideSolutionNode = FALSE
	EndGlobalSection
	GlobalSection(ExtensibilityGlobals) = postSolution
		SolutionGuid = {E6A1274F-39A1-4D96-B1C7-6444B95E54B3}
	EndGlobalSection
EndGlobal
